// !$*UTF8*$!
{
	archiveVersion = 1;
	classes = {
	};
	objectVersion = 50;
	objects = {

/* Begin PBXBuildFile section */
		5E1B54C7244A532700B7EE44 /* AppDelegate.swift in Sources */ = {isa = PBXBuildFile; fileRef = 5E1B54C6244A532700B7EE44 /* AppDelegate.swift */; };
		5E1B54C9244A532700B7EE44 /* SceneDelegate.swift in Sources */ = {isa = PBXBuildFile; fileRef = 5E1B54C8244A532700B7EE44 /* SceneDelegate.swift */; };
		5E1B54CB244A532700B7EE44 /* ViewController.swift in Sources */ = {isa = PBXBuildFile; fileRef = 5E1B54CA244A532700B7EE44 /* ViewController.swift */; };
		5E1B54CE244A532700B7EE44 /* Main.storyboard in Resources */ = {isa = PBXBuildFile; fileRef = 5E1B54CC244A532700B7EE44 /* Main.storyboard */; };
		5E1B54D1244A532700B7EE44 /* Frost_Bite.xcdatamodeld in Sources */ = {isa = PBXBuildFile; fileRef = 5E1B54CF244A532700B7EE44 /* Frost_Bite.xcdatamodeld */; };
		5E1B54D3244A532800B7EE44 /* Assets.xcassets in Resources */ = {isa = PBXBuildFile; fileRef = 5E1B54D2244A532800B7EE44 /* Assets.xcassets */; };
		5E1B54D6244A532800B7EE44 /* LaunchScreen.storyboard in Resources */ = {isa = PBXBuildFile; fileRef = 5E1B54D4244A532800B7EE44 /* LaunchScreen.storyboard */; };
		5E1B54E1244A532800B7EE44 /* Frost_BiteTests.swift in Sources */ = {isa = PBXBuildFile; fileRef = 5E1B54E0244A532800B7EE44 /* Frost_BiteTests.swift */; };
		5E1B54EC244A532800B7EE44 /* Frost_BiteUITests.swift in Sources */ = {isa = PBXBuildFile; fileRef = 5E1B54EB244A532800B7EE44 /* Frost_BiteUITests.swift */; };
/* End PBXBuildFile section */

/* Begin PBXContainerItemProxy section */
		5E1B54DD244A532800B7EE44 /* PBXContainerItemProxy */ = {
			isa = PBXContainerItemProxy;
			containerPortal = 5E1B54BB244A532700B7EE44 /* Project object */;
			proxyType = 1;
			remoteGlobalIDString = 5E1B54C2244A532700B7EE44;
			remoteInfo = "Frost'Bite";
		};
		5E1B54E8244A532800B7EE44 /* PBXContainerItemProxy */ = {
			isa = PBXContainerItemProxy;
			containerPortal = 5E1B54BB244A532700B7EE44 /* Project object */;
			proxyType = 1;
			remoteGlobalIDString = 5E1B54C2244A532700B7EE44;
			remoteInfo = "Frost'Bite";
		};
/* End PBXContainerItemProxy section */

/* Begin PBXFileReference section */
		5E1B54C3244A532700B7EE44 /* Frost'Bite.app */ = {isa = PBXFileReference; explicitFileType = wrapper.application; includeInIndex = 0; path = "Frost'Bite.app"; sourceTree = BUILT_PRODUCTS_DIR; };
		5E1B54C6244A532700B7EE44 /* AppDelegate.swift */ = {isa = PBXFileReference; lastKnownFileType = sourcecode.swift; path = AppDelegate.swift; sourceTree = "<group>"; };
		5E1B54C8244A532700B7EE44 /* SceneDelegate.swift */ = {isa = PBXFileReference; lastKnownFileType = sourcecode.swift; path = SceneDelegate.swift; sourceTree = "<group>"; };
		5E1B54CA244A532700B7EE44 /* ViewController.swift */ = {isa = PBXFileReference; lastKnownFileType = sourcecode.swift; path = ViewController.swift; sourceTree = "<group>"; };
		5E1B54CD244A532700B7EE44 /* Base */ = {isa = PBXFileReference; lastKnownFileType = file.storyboard; name = Base; path = Base.lproj/Main.storyboard; sourceTree = "<group>"; };
		5E1B54D0244A532700B7EE44 /* Frost_Bite.xcdatamodel */ = {isa = PBXFileReference; lastKnownFileType = wrapper.xcdatamodel; path = Frost_Bite.xcdatamodel; sourceTree = "<group>"; };
		5E1B54D2244A532800B7EE44 /* Assets.xcassets */ = {isa = PBXFileReference; lastKnownFileType = folder.assetcatalog; path = Assets.xcassets; sourceTree = "<group>"; };
		5E1B54D5244A532800B7EE44 /* Base */ = {isa = PBXFileReference; lastKnownFileType = file.storyboard; name = Base; path = Base.lproj/LaunchScreen.storyboard; sourceTree = "<group>"; };
		5E1B54D7244A532800B7EE44 /* Info.plist */ = {isa = PBXFileReference; lastKnownFileType = text.plist.xml; path = Info.plist; sourceTree = "<group>"; };
		5E1B54DC244A532800B7EE44 /* Frost'BiteTests.xctest */ = {isa = PBXFileReference; explicitFileType = wrapper.cfbundle; includeInIndex = 0; path = "Frost'BiteTests.xctest"; sourceTree = BUILT_PRODUCTS_DIR; };
		5E1B54E0244A532800B7EE44 /* Frost_BiteTests.swift */ = {isa = PBXFileReference; lastKnownFileType = sourcecode.swift; path = Frost_BiteTests.swift; sourceTree = "<group>"; };
		5E1B54E2244A532800B7EE44 /* Info.plist */ = {isa = PBXFileReference; lastKnownFileType = text.plist.xml; path = Info.plist; sourceTree = "<group>"; };
		5E1B54E7244A532800B7EE44 /* Frost'BiteUITests.xctest */ = {isa = PBXFileReference; explicitFileType = wrapper.cfbundle; includeInIndex = 0; path = "Frost'BiteUITests.xctest"; sourceTree = BUILT_PRODUCTS_DIR; };
		5E1B54EB244A532800B7EE44 /* Frost_BiteUITests.swift */ = {isa = PBXFileReference; lastKnownFileType = sourcecode.swift; path = Frost_BiteUITests.swift; sourceTree = "<group>"; };
		5E1B54ED244A532800B7EE44 /* Info.plist */ = {isa = PBXFileReference; lastKnownFileType = text.plist.xml; path = Info.plist; sourceTree = "<group>"; };
/* End PBXFileReference section */

/* Begin PBXFrameworksBuildPhase section */
		5E1B54C0244A532700B7EE44 /* Frameworks */ = {
			isa = PBXFrameworksBuildPhase;
			buildActionMask = 2147483647;
			files = (
			);
			runOnlyForDeploymentPostprocessing = 0;
		};
		5E1B54D9244A532800B7EE44 /* Frameworks */ = {
			isa = PBXFrameworksBuildPhase;
			buildActionMask = 2147483647;
			files = (
			);
			runOnlyForDeploymentPostprocessing = 0;
		};
		5E1B54E4244A532800B7EE44 /* Frameworks */ = {
			isa = PBXFrameworksBuildPhase;
			buildActionMask = 2147483647;
			files = (
			);
			runOnlyForDeploymentPostprocessing = 0;
		};
/* End PBXFrameworksBuildPhase section */

/* Begin PBXGroup section */
		5E1B54BA244A532700B7EE44 = {
			isa = PBXGroup;
			children = (
				5E1B54C5244A532700B7EE44 /* Frost'Bite */,
				5E1B54DF244A532800B7EE44 /* Frost'BiteTests */,
				5E1B54EA244A532800B7EE44 /* Frost'BiteUITests */,
				5E1B54C4244A532700B7EE44 /* Products */,
			);
			sourceTree = "<group>";
		};
		5E1B54C4244A532700B7EE44 /* Products */ = {
			isa = PBXGroup;
			children = (
				5E1B54C3244A532700B7EE44 /* Frost'Bite.app */,
				5E1B54DC244A532800B7EE44 /* Frost'BiteTests.xctest */,
				5E1B54E7244A532800B7EE44 /* Frost'BiteUITests.xctest */,
			);
			name = Products;
			sourceTree = "<group>";
		};
		5E1B54C5244A532700B7EE44 /* Frost'Bite */ = {
			isa = PBXGroup;
			children = (
				5E1B54C6244A532700B7EE44 /* AppDelegate.swift */,
				5E1B54C8244A532700B7EE44 /* SceneDelegate.swift */,
				5E1B54CA244A532700B7EE44 /* ViewController.swift */,
				5E1B54CC244A532700B7EE44 /* Main.storyboard */,
				5E1B54D2244A532800B7EE44 /* Assets.xcassets */,
				5E1B54D4244A532800B7EE44 /* LaunchScreen.storyboard */,
				5E1B54D7244A532800B7EE44 /* Info.plist */,
				5E1B54CF244A532700B7EE44 /* Frost_Bite.xcdatamodeld */,
			);
			path = "Frost'Bite";
			sourceTree = "<group>";
		};
		5E1B54DF244A532800B7EE44 /* Frost'BiteTests */ = {
			isa = PBXGroup;
			children = (
				5E1B54E0244A532800B7EE44 /* Frost_BiteTests.swift */,
				5E1B54E2244A532800B7EE44 /* Info.plist */,
			);
			path = "Frost'BiteTests";
			sourceTree = "<group>";
		};
		5E1B54EA244A532800B7EE44 /* Frost'BiteUITests */ = {
			isa = PBXGroup;
			children = (
				5E1B54EB244A532800B7EE44 /* Frost_BiteUITests.swift */,
				5E1B54ED244A532800B7EE44 /* Info.plist */,
			);
			path = "Frost'BiteUITests";
			sourceTree = "<group>";
		};
/* End PBXGroup section */

/* Begin PBXNativeTarget section */
		5E1B54C2244A532700B7EE44 /* Frost'Bite */ = {
			isa = PBXNativeTarget;
			buildConfigurationList = 5E1B54F0244A532800B7EE44 /* Build configuration list for PBXNativeTarget "Frost'Bite" */;
			buildPhases = (
				5E1B54BF244A532700B7EE44 /* Sources */,
				5E1B54C0244A532700B7EE44 /* Frameworks */,
				5E1B54C1244A532700B7EE44 /* Resources */,
			);
			buildRules = (
			);
			dependencies = (
			);
			name = "Frost'Bite";
			productName = "Frost'Bite";
			productReference = 5E1B54C3244A532700B7EE44 /* Frost'Bite.app */;
			productType = "com.apple.product-type.application";
		};
		5E1B54DB244A532800B7EE44 /* Frost'BiteTests */ = {
			isa = PBXNativeTarget;
			buildConfigurationList = 5E1B54F3244A532800B7EE44 /* Build configuration list for PBXNativeTarget "Frost'BiteTests" */;
			buildPhases = (
				5E1B54D8244A532800B7EE44 /* Sources */,
				5E1B54D9244A532800B7EE44 /* Frameworks */,
				5E1B54DA244A532800B7EE44 /* Resources */,
			);
			buildRules = (
			);
			dependencies = (
				5E1B54DE244A532800B7EE44 /* PBXTargetDependency */,
			);
			name = "Frost'BiteTests";
			productName = "Frost'BiteTests";
			productReference = 5E1B54DC244A532800B7EE44 /* Frost'BiteTests.xctest */;
			productType = "com.apple.product-type.bundle.unit-test";
		};
		5E1B54E6244A532800B7EE44 /* Frost'BiteUITests */ = {
			isa = PBXNativeTarget;
			buildConfigurationList = 5E1B54F6244A532800B7EE44 /* Build configuration list for PBXNativeTarget "Frost'BiteUITests" */;
			buildPhases = (
				5E1B54E3244A532800B7EE44 /* Sources */,
				5E1B54E4244A532800B7EE44 /* Frameworks */,
				5E1B54E5244A532800B7EE44 /* Resources */,
			);
			buildRules = (
			);
			dependencies = (
				5E1B54E9244A532800B7EE44 /* PBXTargetDependency */,
			);
			name = "Frost'BiteUITests";
			productName = "Frost'BiteUITests";
			productReference = 5E1B54E7244A532800B7EE44 /* Frost'BiteUITests.xctest */;
			productType = "com.apple.product-type.bundle.ui-testing";
		};
/* End PBXNativeTarget section */

/* Begin PBXProject section */
		5E1B54BB244A532700B7EE44 /* Project object */ = {
			isa = PBXProject;
			attributes = {
				LastSwiftUpdateCheck = 1140;
				LastUpgradeCheck = 1140;
				ORGANIZATIONNAME = NewAfricaTechnology;
				TargetAttributes = {
					5E1B54C2244A532700B7EE44 = {
						CreatedOnToolsVersion = 11.4;
					};
					5E1B54DB244A532800B7EE44 = {
						CreatedOnToolsVersion = 11.4;
						TestTargetID = 5E1B54C2244A532700B7EE44;
					};
					5E1B54E6244A532800B7EE44 = {
						CreatedOnToolsVersion = 11.4;
						TestTargetID = 5E1B54C2244A532700B7EE44;
					};
				};
			};
			buildConfigurationList = 5E1B54BE244A532700B7EE44 /* Build configuration list for PBXProject "Frost'Bite" */;
			compatibilityVersion = "Xcode 9.3";
			developmentRegion = en;
			hasScannedForEncodings = 0;
			knownRegions = (
				en,
				Base,
			);
			mainGroup = 5E1B54BA244A532700B7EE44;
			productRefGroup = 5E1B54C4244A532700B7EE44 /* Products */;
			projectDirPath = "";
			projectRoot = "";
			targets = (
				5E1B54C2244A532700B7EE44 /* Frost'Bite */,
				5E1B54DB244A532800B7EE44 /* Frost'BiteTests */,
				5E1B54E6244A532800B7EE44 /* Frost'BiteUITests */,
			);
		};
/* End PBXProject section */

/* Begin PBXResourcesBuildPhase section */
		5E1B54C1244A532700B7EE44 /* Resources */ = {
			isa = PBXResourcesBuildPhase;
			buildActionMask = 2147483647;
			files = (
				5E1B54D6244A532800B7EE44 /* LaunchScreen.storyboard in Resources */,
				5E1B54D3244A532800B7EE44 /* Assets.xcassets in Resources */,
				5E1B54CE244A532700B7EE44 /* Main.storyboard in Resources */,
			);
			runOnlyForDeploymentPostprocessing = 0;
		};
		5E1B54DA244A532800B7EE44 /* Resources */ = {
			isa = PBXResourcesBuildPhase;
			buildActionMask = 2147483647;
			files = (
			);
			runOnlyForDeploymentPostprocessing = 0;
		};
		5E1B54E5244A532800B7EE44 /* Resources */ = {
			isa = PBXResourcesBuildPhase;
			buildActionMask = 2147483647;
			files = (
			);
			runOnlyForDeploymentPostprocessing = 0;
		};
/* End PBXResourcesBuildPhase section */

/* Begin PBXSourcesBuildPhase section */
		5E1B54BF244A532700B7EE44 /* Sources */ = {
			isa = PBXSourcesBuildPhase;
			buildActionMask = 2147483647;
			files = (
				5E1B54D1244A532700B7EE44 /* Frost_Bite.xcdatamodeld in Sources */,
				5E1B54CB244A532700B7EE44 /* ViewController.swift in Sources */,
				5E1B54C7244A532700B7EE44 /* AppDelegate.swift in Sources */,
				5E1B54C9244A532700B7EE44 /* SceneDelegate.swift in Sources */,
			);
			runOnlyForDeploymentPostprocessing = 0;
		};
		5E1B54D8244A532800B7EE44 /* Sources */ = {
			isa = PBXSourcesBuildPhase;
			buildActionMask = 2147483647;
			files = (
				5E1B54E1244A532800B7EE44 /* Frost_BiteTests.swift in Sources */,
			);
			runOnlyForDeploymentPostprocessing = 0;
		};
		5E1B54E3244A532800B7EE44 /* Sources */ = {
			isa = PBXSourcesBuildPhase;
			buildActionMask = 2147483647;
			files = (
				5E1B54EC244A532800B7EE44 /* Frost_BiteUITests.swift in Sources */,
			);
			runOnlyForDeploymentPostprocessing = 0;
		};
/* End PBXSourcesBuildPhase section */

/* Begin PBXTargetDependency section */
		5E1B54DE244A532800B7EE44 /* PBXTargetDependency */ = {
			isa = PBXTargetDependency;
			target = 5E1B54C2244A532700B7EE44 /* Frost'Bite */;
			targetProxy = 5E1B54DD244A532800B7EE44 /* PBXContainerItemProxy */;
		};
		5E1B54E9244A532800B7EE44 /* PBXTargetDependency */ = {
			isa = PBXTargetDependency;
			target = 5E1B54C2244A532700B7EE44 /* Frost'Bite */;
			targetProxy = 5E1B54E8244A532800B7EE44 /* PBXContainerItemProxy */;
		};
/* End PBXTargetDependency section */

/* Begin PBXVariantGroup section */
		5E1B54CC244A532700B7EE44 /* Main.storyboard */ = {
			isa = PBXVariantGroup;
			children = (
				5E1B54CD244A532700B7EE44 /* Base */,
			);
			name = Main.storyboard;
			sourceTree = "<group>";
		};
		5E1B54D4244A532800B7EE44 /* LaunchScreen.storyboard */ = {
			isa = PBXVariantGroup;
			children = (
				5E1B54D5244A532800B7EE44 /* Base */,
			);
			name = LaunchScreen.storyboard;
			sourceTree = "<group>";
		};
/* End PBXVariantGroup section */

/* Begin XCBuildConfiguration section */
		5E1B54EE244A532800B7EE44 /* Debug */ = {
			isa = XCBuildConfiguration;
			buildSettings = {
				ALWAYS_SEARCH_USER_PATHS = NO;
				CLANG_ANALYZER_NONNULL = YES;
				CLANG_ANALYZER_NUMBER_OBJECT_CONVERSION = YES_AGGRESSIVE;
				CLANG_CXX_LANGUAGE_STANDARD = "gnu++14";
				CLANG_CXX_LIBRARY = "libc++";
				CLANG_ENABLE_MODULES = YES;
				CLANG_ENABLE_OBJC_ARC = YES;
				CLANG_ENABLE_OBJC_WEAK = YES;
				CLANG_WARN_BLOCK_CAPTURE_AUTORELEASING = YES;
				CLANG_WARN_BOOL_CONVERSION = YES;
				CLANG_WARN_COMMA = YES;
				CLANG_WARN_CONSTANT_CONVERSION = YES;
				CLANG_WARN_DEPRECATED_OBJC_IMPLEMENTATIONS = YES;
				CLANG_WARN_DIRECT_OBJC_ISA_USAGE = YES_ERROR;
				CLANG_WARN_DOCUMENTATION_COMMENTS = YES;
				CLANG_WARN_EMPTY_BODY = YES;
				CLANG_WARN_ENUM_CONVERSION = YES;
				CLANG_WARN_INFINITE_RECURSION = YES;
				CLANG_WARN_INT_CONVERSION = YES;
				CLANG_WARN_NON_LITERAL_NULL_CONVERSION = YES;
				CLANG_WARN_OBJC_IMPLICIT_RETAIN_SELF = YES;
				CLANG_WARN_OBJC_LITERAL_CONVERSION = YES;
				CLANG_WARN_OBJC_ROOT_CLASS = YES_ERROR;
				CLANG_WARN_RANGE_LOOP_ANALYSIS = YES;
				CLANG_WARN_STRICT_PROTOTYPES = YES;
				CLANG_WARN_SUSPICIOUS_MOVE = YES;
				CLANG_WARN_UNGUARDED_AVAILABILITY = YES_AGGRESSIVE;
				CLANG_WARN_UNREACHABLE_CODE = YES;
				CLANG_WARN__DUPLICATE_METHOD_MATCH = YES;
				COPY_PHASE_STRIP = NO;
				DEBUG_INFORMATION_FORMAT = dwarf;
				ENABLE_STRICT_OBJC_MSGSEND = YES;
				ENABLE_TESTABILITY = YES;
				GCC_C_LANGUAGE_STANDARD = gnu11;
				GCC_DYNAMIC_NO_PIC = NO;
				GCC_NO_COMMON_BLOCKS = YES;
				GCC_OPTIMIZATION_LEVEL = 0;
				GCC_PREPROCESSOR_DEFINITIONS = (
					"DEBUG=1",
					"$(inherited)",
				);
				GCC_WARN_64_TO_32_BIT_CONVERSION = YES;
				GCC_WARN_ABOUT_RETURN_TYPE = YES_ERROR;
				GCC_WARN_UNDECLARED_SELECTOR = YES;
				GCC_WARN_UNINITIALIZED_AUTOS = YES_AGGRESSIVE;
				GCC_WARN_UNUSED_FUNCTION = YES;
				GCC_WARN_UNUSED_VARIABLE = YES;
				IPHONEOS_DEPLOYMENT_TARGET = 13.4;
				MTL_ENABLE_DEBUG_INFO = INCLUDE_SOURCE;
				MTL_FAST_MATH = YES;
				ONLY_ACTIVE_ARCH = YES;
				SDKROOT = iphoneos;
				SWIFT_ACTIVE_COMPILATION_CONDITIONS = DEBUG;
				SWIFT_OPTIMIZATION_LEVEL = "-Onone";
			};
			name = Debug;
		};
		5E1B54EF244A532800B7EE44 /* Release */ = {
			isa = XCBuildConfiguration;
			buildSettings = {
				ALWAYS_SEARCH_USER_PATHS = NO;
				CLANG_ANALYZER_NONNULL = YES;
				CLANG_ANALYZER_NUMBER_OBJECT_CONVERSION = YES_AGGRESSIVE;
				CLANG_CXX_LANGUAGE_STANDARD = "gnu++14";
				CLANG_CXX_LIBRARY = "libc++";
				CLANG_ENABLE_MODULES = YES;
				CLANG_ENABLE_OBJC_ARC = YES;
				CLANG_ENABLE_OBJC_WEAK = YES;
				CLANG_WARN_BLOCK_CAPTURE_AUTORELEASING = YES;
				CLANG_WARN_BOOL_CONVERSION = YES;
				CLANG_WARN_COMMA = YES;
				CLANG_WARN_CONSTANT_CONVERSION = YES;
				CLANG_WARN_DEPRECATED_OBJC_IMPLEMENTATIONS = YES;
				CLANG_WARN_DIRECT_OBJC_ISA_USAGE = YES_ERROR;
				CLANG_WARN_DOCUMENTATION_COMMENTS = YES;
				CLANG_WARN_EMPTY_BODY = YES;
				CLANG_WARN_ENUM_CONVERSION = YES;
				CLANG_WARN_INFINITE_RECURSION = YES;
				CLANG_WARN_INT_CONVERSION = YES;
				CLANG_WARN_NON_LITERAL_NULL_CONVERSION = YES;
				CLANG_WARN_OBJC_IMPLICIT_RETAIN_SELF = YES;
				CLANG_WARN_OBJC_LITERAL_CONVERSION = YES;
				CLANG_WARN_OBJC_ROOT_CLASS = YES_ERROR;
				CLANG_WARN_RANGE_LOOP_ANALYSIS = YES;
				CLANG_WARN_STRICT_PROTOTYPES = YES;
				CLANG_WARN_SUSPICIOUS_MOVE = YES;
				CLANG_WARN_UNGUARDED_AVAILABILITY = YES_AGGRESSIVE;
				CLANG_WARN_UNREACHABLE_CODE = YES;
				CLANG_WARN__DUPLICATE_METHOD_MATCH = YES;
				COPY_PHASE_STRIP = NO;
				DEBUG_INFORMATION_FORMAT = "dwarf-with-dsym";
				ENABLE_NS_ASSERTIONS = NO;
				ENABLE_STRICT_OBJC_MSGSEND = YES;
				GCC_C_LANGUAGE_STANDARD = gnu11;
				GCC_NO_COMMON_BLOCKS = YES;
				GCC_WARN_64_TO_32_BIT_CONVERSION = YES;
				GCC_WARN_ABOUT_RETURN_TYPE = YES_ERROR;
				GCC_WARN_UNDECLARED_SELECTOR = YES;
				GCC_WARN_UNINITIALIZED_AUTOS = YES_AGGRESSIVE;
				GCC_WARN_UNUSED_FUNCTION = YES;
				GCC_WARN_UNUSED_VARIABLE = YES;
				IPHONEOS_DEPLOYMENT_TARGET = 13.4;
				MTL_ENABLE_DEBUG_INFO = NO;
				MTL_FAST_MATH = YES;
				SDKROOT = iphoneos;
				SWIFT_COMPILATION_MODE = wholemodule;
				SWIFT_OPTIMIZATION_LEVEL = "-O";
				VALIDATE_PRODUCT = YES;
			};
			name = Release;
		};
		5E1B54F1244A532800B7EE44 /* Debug */ = {
			isa = XCBuildConfiguration;
			buildSettings = {
				ASSETCATALOG_COMPILER_APPICON_NAME = AppIcon;
				CODE_SIGN_STYLE = Automatic;
				DEVELOPMENT_TEAM = 9QPY2593MN;
				INFOPLIST_FILE = "Frost'Bite/Info.plist";
				LD_RUNPATH_SEARCH_PATHS = (
					"$(inherited)",
					"@executable_path/Frameworks",
				);
				PRODUCT_BUNDLE_IDENTIFIER = "com.newafricatechnology.Frost-Bite";
				PRODUCT_NAME = "$(TARGET_NAME)";
				SWIFT_VERSION = 5.0;
				TARGETED_DEVICE_FAMILY = "1,2";
			};
			name = Debug;
		};
		5E1B54F2244A532800B7EE44 /* Release */ = {
			isa = XCBuildConfiguration;
			buildSettings = {
				ASSETCATALOG_COMPILER_APPICON_NAME = AppIcon;
				CODE_SIGN_STYLE = Automatic;
				DEVELOPMENT_TEAM = 9QPY2593MN;
				INFOPLIST_FILE = "Frost'Bite/Info.plist";
				LD_RUNPATH_SEARCH_PATHS = (
					"$(inherited)",
					"@executable_path/Frameworks",
				);
				PRODUCT_BUNDLE_IDENTIFIER = "com.newafricatechnology.Frost-Bite";
				PRODUCT_NAME = "$(TARGET_NAME)";
				SWIFT_VERSION = 5.0;
				TARGETED_DEVICE_FAMILY = "1,2";
			};
			name = Release;
		};
		5E1B54F4244A532800B7EE44 /* Debug */ = {
			isa = XCBuildConfiguration;
			buildSettings = {
				ALWAYS_EMBED_SWIFT_STANDARD_LIBRARIES = YES;
				BUNDLE_LOADER = "$(TEST_HOST)";
				CODE_SIGN_STYLE = Automatic;
				DEVELOPMENT_TEAM = 9QPY2593MN;
				INFOPLIST_FILE = "Frost'BiteTests/Info.plist";
				IPHONEOS_DEPLOYMENT_TARGET = 13.4;
				LD_RUNPATH_SEARCH_PATHS = (
					"$(inherited)",
					"@executable_path/Frameworks",
					"@loader_path/Frameworks",
				);
				PRODUCT_BUNDLE_IDENTIFIER = "com.newafricatechnology.Frost-BiteTests";
				PRODUCT_NAME = "$(TARGET_NAME)";
				SWIFT_VERSION = 5.0;
				TARGETED_DEVICE_FAMILY = "1,2";
				TEST_HOST = "$(BUILT_PRODUCTS_DIR)/Frost'Bite.app/Frost'Bite";
			};
			name = Debug;
		};
		5E1B54F5244A532800B7EE44 /* Release */ = {
			isa = XCBuildConfiguration;
			buildSettings = {
				ALWAYS_EMBED_SWIFT_STANDARD_LIBRARIES = YES;
				BUNDLE_LOADER = "$(TEST_HOST)";
				CODE_SIGN_STYLE = Automatic;
				DEVELOPMENT_TEAM = 9QPY2593MN;
				INFOPLIST_FILE = "Frost'BiteTests/Info.plist";
				IPHONEOS_DEPLOYMENT_TARGET = 13.4;
				LD_RUNPATH_SEARCH_PATHS = (
					"$(inherited)",
					"@executable_path/Frameworks",
					"@loader_path/Frameworks",
				);
				PRODUCT_BUNDLE_IDENTIFIER = "com.newafricatechnology.Frost-BiteTests";
				PRODUCT_NAME = "$(TARGET_NAME)";
				SWIFT_VERSION = 5.0;
				TARGETED_DEVICE_FAMILY = "1,2";
				TEST_HOST = "$(BUILT_PRODUCTS_DIR)/Frost'Bite.app/Frost'Bite";
			};
			name = Release;
		};
		5E1B54F7244A532800B7EE44 /* Debug */ = {
			isa = XCBuildConfiguration;
			buildSettings = {
				ALWAYS_EMBED_SWIFT_STANDARD_LIBRARIES = YES;
				CODE_SIGN_STYLE = Automatic;
				DEVELOPMENT_TEAM = 9QPY2593MN;
				INFOPLIST_FILE = "Frost'BiteUITests/Info.plist";
				LD_RUNPATH_SEARCH_PATHS = (
					"$(inherited)",
					"@executable_path/Frameworks",
					"@loader_path/Frameworks",
				);
				PRODUCT_BUNDLE_IDENTIFIER = "com.newafricatechnology.Frost-BiteUITests";
				PRODUCT_NAME = "$(TARGET_NAME)";
				SWIFT_VERSION = 5.0;
				TARGETED_DEVICE_FAMILY = "1,2";
				TEST_TARGET_NAME = "Frost'Bite";
			};
			name = Debug;
		};
		5E1B54F8244A532800B7EE44 /* Release */ = {
			isa = XCBuildConfiguration;
			buildSettings = {
				ALWAYS_EMBED_SWIFT_STANDARD_LIBRARIES = YES;
				CODE_SIGN_STYLE = Automatic;
				DEVELOPMENT_TEAM = 9QPY2593MN;
				INFOPLIST_FILE = "Frost'BiteUITests/Info.plist";
				LD_RUNPATH_SEARCH_PATHS = (
					"$(inherited)",
					"@executable_path/Frameworks",
					"@loader_path/Frameworks",
				);
				PRODUCT_BUNDLE_IDENTIFIER = "com.newafricatechnology.Frost-BiteUITests";
				PRODUCT_NAME = "$(TARGET_NAME)";
				SWIFT_VERSION = 5.0;
				TARGETED_DEVICE_FAMILY = "1,2";
				TEST_TARGET_NAME = "Frost'Bite";
			};
			name = Release;
		};
/* End XCBuildConfiguration section */

/* Begin XCConfigurationList section */
		5E1B54BE244A532700B7EE44 /* Build configuration list for PBXProject "Frost'Bite" */ = {
			isa = XCConfigurationList;
			buildConfigurations = (
				5E1B54EE244A532800B7EE44 /* Debug */,
				5E1B54EF244A532800B7EE44 /* Release */,
			);
			defaultConfigurationIsVisible = 0;
			defaultConfigurationName = Release;
		};
		5E1B54F0244A532800B7EE44 /* Build configuration list for PBXNativeTarget "Frost'Bite" */ = {
			isa = XCConfigurationList;
			buildConfigurations = (
				5E1B54F1244A532800B7EE44 /* Debug */,
				5E1B54F2244A532800B7EE44 /* Release */,
			);
			defaultConfigurationIsVisible = 0;
			defaultConfigurationName = Release;
		};
		5E1B54F3244A532800B7EE44 /* Build configuration list for PBXNativeTarget "Frost'BiteTests" */ = {
			isa = XCConfigurationList;
			buildConfigurations = (
				5E1B54F4244A532800B7EE44 /* Debug */,
				5E1B54F5244A532800B7EE44 /* Release */,
			);
			defaultConfigurationIsVisible = 0;
			defaultConfigurationName = Release;
		};
		5E1B54F6244A532800B7EE44 /* Build configuration list for PBXNativeTarget "Frost'BiteUITests" */ = {
			isa = XCConfigurationList;
			buildConfigurations = (
				5E1B54F7244A532800B7EE44 /* Debug */,
				5E1B54F8244A532800B7EE44 /* Release */,
			);
			defaultConfigurationIsVisible = 0;
			defaultConfigurationName = Release;
		};
/* End XCConfigurationList section */

/* Begin XCVersionGroup section */
		5E1B54CF244A532700B7EE44 /* Frost_Bite.xcdatamodeld */ = {
			isa = XCVersionGroup;
			children = (
				5E1B54D0244A532700B7EE44 /* Frost_Bite.xcdatamodel */,
			);
			currentVersion = 5E1B54D0244A532700B7EE44 /* Frost_Bite.xcdatamodel */;
			path = Frost_Bite.xcdatamodeld;
			sourceTree = "<group>";
			versionGroupType = wrapper.xcdatamodel;
		};
/* End XCVersionGroup section */
	};
	rootObject = 5E1B54BB244A532700B7EE44 /* Project object */;
}
